
Microsoft Visual Studio Solution File, Format Version 12.00
# Visual Studio Version 17
VisualStudioVersion = 17.3.32901.215
MinimumVisualStudioVersion = 10.0.40219.1
Project("{FAE04EC0-301F-11D3-BF4B-00C04F79EFBC}") = "OwensGameNight", "OwensGameNight\OwensGameNight.csproj", "{E6B3982D-C54B-40B1-9495-22BA1281FC0D}"
EndProject
Global
	GlobalSection(SolutionConfigurationPlatforms) = preSolution
		Debug|Any CPU = Debug|Any CPU
		Release|Any CPU = Release|Any CPU
	EndGlobalSection
	GlobalSection(ProjectConfigurationPlatforms) = postSolution
		{E6B3982D-C54B-40B1-9495-22BA1281FC0D}.Debug|Any CPU.ActiveCfg = Debug|Any CPU
		{E6B3982D-C54B-40B1-9495-22BA1281FC0D}.Debug|Any CPU.Build.0 = Debug|Any CPU
		{E6B3982D-C54B-40B1-9495-22BA1281FC0D}.Release|Any CPU.ActiveCfg = Release|Any CPU
		{E6B3982D-C54B-40B1-9495-22BA1281FC0D}.Release|Any CPU.Build.0 = Release|Any CPU
	EndGlobalSection
	GlobalSection(SolutionProperties) = preSolution
		HideSolutionNode = FALSE
	EndGlobalSection
	GlobalSection(ExtensibilityGlobals) = postSolution
		SolutionGuid = {A1D90254-FA9D-47E0-B8CA-9415A1F2B0BA}
	EndGlobalSection
EndGlobal
